
Microsoft Visual Studio Solution File, Format Version 12.00
# Visual Studio Version 17
VisualStudioVersion = 17.11.35431.28
MinimumVisualStudioVersion = 10.0.40219.1
Project("{2150E333-8FDC-42A3-9474-1A3956D46DE8}") = "Frontends", "Frontends", "{7462EB63-B684-4F77-A040-9F05351165EC}"
EndProject
Project("{2150E333-8FDC-42A3-9474-1A3956D46DE8}") = "IdentityServer", "IdentityServer", "{42CF99D4-0E89-4475-97B7-E4CD7F546E90}"
EndProject
Project("{2150E333-8FDC-42A3-9474-1A3956D46DE8}") = "Services", "Services", "{75826C78-1F82-4EDE-97BB-CE0581C97726}"
EndProject
Project("{2150E333-8FDC-42A3-9474-1A3956D46DE8}") = "Requirements", "Requirements", "{AC16256E-9AB5-4FE9-BDB9-4CA09D6A9D52}"
EndProject
Project("{2150E333-8FDC-42A3-9474-1A3956D46DE8}") = "Catalog", "Catalog", "{A676BAD3-245C-4D71-9D0F-84BB5669FA5A}"
EndProject
Global
	GlobalSection(SolutionProperties) = preSolution
		HideSolutionNode = FALSE
	EndGlobalSection
	GlobalSection(NestedProjects) = preSolution
		{A676BAD3-245C-4D71-9D0F-84BB5669FA5A} = {75826C78-1F82-4EDE-97BB-CE0581C97726}
	EndGlobalSection
	GlobalSection(ExtensibilityGlobals) = postSolution
		SolutionGuid = {BEC40886-6C85-453B-984A-DCAF160BC0DE}
	EndGlobalSection
EndGlobal
