
Microsoft Visual Studio Solution File, Format Version 12.00
# Visual Studio Version 17
VisualStudioVersion = 17.11.35431.28
MinimumVisualStudioVersion = 10.0.40219.1
Project("{2150E333-8FDC-42A3-9474-1A3956D46DE8}") = "Frontends", "Frontends", "{7462EB63-B684-4F77-A040-9F05351165EC}"
EndProject
Project("{2150E333-8FDC-42A3-9474-1A3956D46DE8}") = "IdentityServer", "IdentityServer", "{42CF99D4-0E89-4475-97B7-E4CD7F546E90}"
EndProject
Project("{2150E333-8FDC-42A3-9474-1A3956D46DE8}") = "Services", "Services", "{75826C78-1F82-4EDE-97BB-CE0581C97726}"
EndProject
Project("{2150E333-8FDC-42A3-9474-1A3956D46DE8}") = "Requirements", "Requirements", "{AC16256E-9AB5-4FE9-BDB9-4CA09D6A9D52}"
EndProject
Project("{2150E333-8FDC-42A3-9474-1A3956D46DE8}") = "Catalog", "Catalog", "{A676BAD3-245C-4D71-9D0F-84BB5669FA5A}"
EndProject
Project("{FAE04EC0-301F-11D3-BF4B-00C04F79EFBC}") = "TakeAwayProject.Catalog", "Services\Catalog\TakeAwayProject.Catalog\TakeAwayProject.Catalog.csproj", "{48A73DE7-49A1-4A6C-8283-A0D7519E793E}"
EndProject
Project("{2150E333-8FDC-42A3-9474-1A3956D46DE8}") = "Discount", "Discount", "{A314C5FD-95BA-4741-A390-D9B6FCCC53A7}"
EndProject
Project("{FAE04EC0-301F-11D3-BF4B-00C04F79EFBC}") = "TakeAwayProject.Discount", "Services\Discount\TakeAwayProject.Discount\TakeAwayProject.Discount.csproj", "{F4F7F89E-6D28-4917-81CD-83CC1F70580A}"
EndProject
Project("{2150E333-8FDC-42A3-9474-1A3956D46DE8}") = "Order", "Order", "{A62DC570-FDA4-4E7F-9A95-3518F11C6608}"
EndProject
Project("{2150E333-8FDC-42A3-9474-1A3956D46DE8}") = "Core", "Core", "{1DB54E09-E912-439E-8BCD-7094BF2C4884}"
EndProject
Project("{2150E333-8FDC-42A3-9474-1A3956D46DE8}") = "Infrastructure", "Infrastructure", "{BB5CAAD7-80AB-4997-A01B-348682778B36}"
EndProject
Project("{2150E333-8FDC-42A3-9474-1A3956D46DE8}") = "Presentation", "Presentation", "{FC98F48F-A02D-400D-89E9-6E4362006239}"
EndProject
Project("{FAE04EC0-301F-11D3-BF4B-00C04F79EFBC}") = "TakeAwayProject.Application", "Services\Order\Core\TakeAwayProject.Application\TakeAwayProject.Application.csproj", "{0F72C993-E183-4A02-A8DA-D703D13F6208}"
EndProject
Project("{FAE04EC0-301F-11D3-BF4B-00C04F79EFBC}") = "TakeAwayProject.Domain", "Services\Order\Core\TakeAwayProject.Domain\TakeAwayProject.Domain.csproj", "{14BB4431-5B20-4DAA-A275-5739569044BE}"
EndProject
Project("{FAE04EC0-301F-11D3-BF4B-00C04F79EFBC}") = "TakeAwayProject.Persistence", "Services\Order\Infrastructure\TakeAwayProject.Persistence\TakeAwayProject.Persistence.csproj", "{7F4CDA7B-08A4-4B44-B028-B9A594EA355A}"
EndProject
Project("{FAE04EC0-301F-11D3-BF4B-00C04F79EFBC}") = "TakeAwayProject.OrderApi", "Services\Order\Presentation\TakeAwayProject.OrderApi\TakeAwayProject.OrderApi.csproj", "{0AB63336-CD7C-44DC-8720-EC4CE7F4AE92}"
EndProject
Project("{FAE04EC0-301F-11D3-BF4B-00C04F79EFBC}") = "TakeAwayNight.IdentityServer", "IdentityServer\TakeAwayNight.IdentityServer\TakeAwayNight.IdentityServer.csproj", "{9D88C37B-BABA-4C56-8D52-7114B16A4A78}"
EndProject
Project("{2150E333-8FDC-42A3-9474-1A3956D46DE8}") = "Basket", "Basket", "{02EA681E-C7D8-13C7-8484-4AC65E1B71E8}"
EndProject
Project("{FAE04EC0-301F-11D3-BF4B-00C04F79EFBC}") = "TakeAwayProject.Basket", "Services\Basket\TakeAwayProject.Basket\TakeAwayProject.Basket.csproj", "{164EA073-3FFC-4524-B5B8-90330DA84F09}"
EndProject
Project("{2150E333-8FDC-42A3-9474-1A3956D46DE8}") = "Comment", "Comment", "{78365625-9E13-43D1-9EA2-BA70F9616559}"
EndProject
Global
	GlobalSection(SolutionConfigurationPlatforms) = preSolution
		Debug|Any CPU = Debug|Any CPU
		Release|Any CPU = Release|Any CPU
	EndGlobalSection
	GlobalSection(ProjectConfigurationPlatforms) = postSolution
		{48A73DE7-49A1-4A6C-8283-A0D7519E793E}.Debug|Any CPU.ActiveCfg = Debug|Any CPU
		{48A73DE7-49A1-4A6C-8283-A0D7519E793E}.Debug|Any CPU.Build.0 = Debug|Any CPU
		{48A73DE7-49A1-4A6C-8283-A0D7519E793E}.Release|Any CPU.ActiveCfg = Release|Any CPU
		{48A73DE7-49A1-4A6C-8283-A0D7519E793E}.Release|Any CPU.Build.0 = Release|Any CPU
		{F4F7F89E-6D28-4917-81CD-83CC1F70580A}.Debug|Any CPU.ActiveCfg = Debug|Any CPU
		{F4F7F89E-6D28-4917-81CD-83CC1F70580A}.Debug|Any CPU.Build.0 = Debug|Any CPU
		{F4F7F89E-6D28-4917-81CD-83CC1F70580A}.Release|Any CPU.ActiveCfg = Release|Any CPU
		{F4F7F89E-6D28-4917-81CD-83CC1F70580A}.Release|Any CPU.Build.0 = Release|Any CPU
		{0F72C993-E183-4A02-A8DA-D703D13F6208}.Debug|Any CPU.ActiveCfg = Debug|Any CPU
		{0F72C993-E183-4A02-A8DA-D703D13F6208}.Debug|Any CPU.Build.0 = Debug|Any CPU
		{0F72C993-E183-4A02-A8DA-D703D13F6208}.Release|Any CPU.ActiveCfg = Release|Any CPU
		{0F72C993-E183-4A02-A8DA-D703D13F6208}.Release|Any CPU.Build.0 = Release|Any CPU
		{14BB4431-5B20-4DAA-A275-5739569044BE}.Debug|Any CPU.ActiveCfg = Debug|Any CPU
		{14BB4431-5B20-4DAA-A275-5739569044BE}.Debug|Any CPU.Build.0 = Debug|Any CPU
		{14BB4431-5B20-4DAA-A275-5739569044BE}.Release|Any CPU.ActiveCfg = Release|Any CPU
		{14BB4431-5B20-4DAA-A275-5739569044BE}.Release|Any CPU.Build.0 = Release|Any CPU
		{7F4CDA7B-08A4-4B44-B028-B9A594EA355A}.Debug|Any CPU.ActiveCfg = Debug|Any CPU
		{7F4CDA7B-08A4-4B44-B028-B9A594EA355A}.Debug|Any CPU.Build.0 = Debug|Any CPU
		{7F4CDA7B-08A4-4B44-B028-B9A594EA355A}.Release|Any CPU.ActiveCfg = Release|Any CPU
		{7F4CDA7B-08A4-4B44-B028-B9A594EA355A}.Release|Any CPU.Build.0 = Release|Any CPU
		{0AB63336-CD7C-44DC-8720-EC4CE7F4AE92}.Debug|Any CPU.ActiveCfg = Debug|Any CPU
		{0AB63336-CD7C-44DC-8720-EC4CE7F4AE92}.Debug|Any CPU.Build.0 = Debug|Any CPU
		{0AB63336-CD7C-44DC-8720-EC4CE7F4AE92}.Release|Any CPU.ActiveCfg = Release|Any CPU
		{0AB63336-CD7C-44DC-8720-EC4CE7F4AE92}.Release|Any CPU.Build.0 = Release|Any CPU
		{9D88C37B-BABA-4C56-8D52-7114B16A4A78}.Debug|Any CPU.ActiveCfg = Debug|Any CPU
		{9D88C37B-BABA-4C56-8D52-7114B16A4A78}.Debug|Any CPU.Build.0 = Debug|Any CPU
		{9D88C37B-BABA-4C56-8D52-7114B16A4A78}.Release|Any CPU.ActiveCfg = Release|Any CPU
		{9D88C37B-BABA-4C56-8D52-7114B16A4A78}.Release|Any CPU.Build.0 = Release|Any CPU
		{164EA073-3FFC-4524-B5B8-90330DA84F09}.Debug|Any CPU.ActiveCfg = Debug|Any CPU
		{164EA073-3FFC-4524-B5B8-90330DA84F09}.Debug|Any CPU.Build.0 = Debug|Any CPU
		{164EA073-3FFC-4524-B5B8-90330DA84F09}.Release|Any CPU.ActiveCfg = Release|Any CPU
		{164EA073-3FFC-4524-B5B8-90330DA84F09}.Release|Any CPU.Build.0 = Release|Any CPU
	EndGlobalSection
	GlobalSection(SolutionProperties) = preSolution
		HideSolutionNode = FALSE
	EndGlobalSection
	GlobalSection(NestedProjects) = preSolution
		{A676BAD3-245C-4D71-9D0F-84BB5669FA5A} = {75826C78-1F82-4EDE-97BB-CE0581C97726}
		{48A73DE7-49A1-4A6C-8283-A0D7519E793E} = {A676BAD3-245C-4D71-9D0F-84BB5669FA5A}
		{A314C5FD-95BA-4741-A390-D9B6FCCC53A7} = {75826C78-1F82-4EDE-97BB-CE0581C97726}
		{F4F7F89E-6D28-4917-81CD-83CC1F70580A} = {A314C5FD-95BA-4741-A390-D9B6FCCC53A7}
		{A62DC570-FDA4-4E7F-9A95-3518F11C6608} = {75826C78-1F82-4EDE-97BB-CE0581C97726}
		{1DB54E09-E912-439E-8BCD-7094BF2C4884} = {A62DC570-FDA4-4E7F-9A95-3518F11C6608}
		{BB5CAAD7-80AB-4997-A01B-348682778B36} = {A62DC570-FDA4-4E7F-9A95-3518F11C6608}
		{FC98F48F-A02D-400D-89E9-6E4362006239} = {A62DC570-FDA4-4E7F-9A95-3518F11C6608}
		{0F72C993-E183-4A02-A8DA-D703D13F6208} = {1DB54E09-E912-439E-8BCD-7094BF2C4884}
		{14BB4431-5B20-4DAA-A275-5739569044BE} = {1DB54E09-E912-439E-8BCD-7094BF2C4884}
		{7F4CDA7B-08A4-4B44-B028-B9A594EA355A} = {BB5CAAD7-80AB-4997-A01B-348682778B36}
		{0AB63336-CD7C-44DC-8720-EC4CE7F4AE92} = {FC98F48F-A02D-400D-89E9-6E4362006239}
		{9D88C37B-BABA-4C56-8D52-7114B16A4A78} = {42CF99D4-0E89-4475-97B7-E4CD7F546E90}
		{02EA681E-C7D8-13C7-8484-4AC65E1B71E8} = {75826C78-1F82-4EDE-97BB-CE0581C97726}
		{164EA073-3FFC-4524-B5B8-90330DA84F09} = {02EA681E-C7D8-13C7-8484-4AC65E1B71E8}
		{78365625-9E13-43D1-9EA2-BA70F9616559} = {75826C78-1F82-4EDE-97BB-CE0581C97726}
	EndGlobalSection
	GlobalSection(ExtensibilityGlobals) = postSolution
		SolutionGuid = {BEC40886-6C85-453B-984A-DCAF160BC0DE}
	EndGlobalSection
EndGlobal
